
Microsoft Visual Studio Solution File, Format Version 12.00
# Visual Studio Version 16
VisualStudioVersion = 16.0.32002.261
MinimumVisualStudioVersion = 10.0.40219.1
Project("{FAE04EC0-301F-11D3-BF4B-00C04F79EFBC}") = "EmailSender", "EmailSender.csproj", "{75E37986-1428-4AE4-AC39-C8143E35B9BC}"
EndProject
Global
	GlobalSection(SolutionConfigurationPlatforms) = preSolution
		Debug|Any CPU = Debug|Any CPU
		Release|Any CPU = Release|Any CPU
	EndGlobalSection
	GlobalSection(ProjectConfigurationPlatforms) = postSolution
		{75E37986-1428-4AE4-AC39-C8143E35B9BC}.Debug|Any CPU.ActiveCfg = Debug|Any CPU
		{75E37986-1428-4AE4-AC39-C8143E35B9BC}.Debug|Any CPU.Build.0 = Debug|Any CPU
		{75E37986-1428-4AE4-AC39-C8143E35B9BC}.Release|Any CPU.ActiveCfg = Release|Any CPU
		{75E37986-1428-4AE4-AC39-C8143E35B9BC}.Release|Any CPU.Build.0 = Release|Any CPU
	EndGlobalSection
	GlobalSection(SolutionProperties) = preSolution
		HideSolutionNode = FALSE
	EndGlobalSection
	GlobalSection(ExtensibilityGlobals) = postSolution
		SolutionGuid = {05297D15-393A-453C-B6B6-D08972D41442}
	EndGlobalSection
EndGlobal
